// !$*UTF8*$!
{
	archiveVersion = 1;
	classes = {
	};
	objectVersion = 45;
	objects = {

/* Begin PBXBuildFile section */
		83083A2B126BEA3300A7EE9E /* OTWallet.cpp in Sources */ = {isa = PBXBuildFile; fileRef = 83083A29126BEA3300A7EE9E /* OTWallet.cpp */; };
		830EC8DB11F8B8FE00198F04 /* OTServerConnection.cpp in Sources */ = {isa = PBXBuildFile; fileRef = 830EC8D911F8B8FE00198F04 /* OTServerConnection.cpp */; };
		8392376011BB395400AF54AF /* OTClient.cpp in Sources */ = {isa = PBXBuildFile; fileRef = 8392375F11BB395400AF54AF /* OTClient.cpp */; };
		83923E6E11BE027E00AF54AF /* SFSocket.c in Sources */ = {isa = PBXBuildFile; fileRef = 83923BCC11BDA44200AF54AF /* SFSocket.c */; };
		83C5F2FD122DE66100964E36 /* OpenTransactions.cpp in Sources */ = {isa = PBXBuildFile; fileRef = 83C5F2FB122DE66100964E36 /* OpenTransactions.cpp */; };
		83C5F386122DED4800964E36 /* testclient.cpp in Sources */ = {isa = PBXBuildFile; fileRef = 830EC8E311F8BF0A00198F04 /* testclient.cpp */; };
		83C5F50B122E10D600964E36 /* libOTLib.a in Frameworks */ = {isa = PBXBuildFile; fileRef = 83C5F50A122E10D600964E36 /* libOTLib.a */; };
		8DD76F6A0486A84900D96B5E /* testwallet.1 in CopyFiles */ = {isa = PBXBuildFile; fileRef = C6859E8B029090EE04C91782 /* testwallet.1 */; };
/* End PBXBuildFile section */

/* Begin PBXCopyFilesBuildPhase section */
		8DD76F690486A84900D96B5E /* CopyFiles */ = {
			isa = PBXCopyFilesBuildPhase;
			buildActionMask = 8;
			dstPath = /usr/share/man/man1/;
			dstSubfolderSpec = 0;
			files = (
				8DD76F6A0486A84900D96B5E /* testwallet.1 in CopyFiles */,
			);
			runOnlyForDeploymentPostprocessing = 1;
		};
/* End PBXCopyFilesBuildPhase section */

/* Begin PBXFileReference section */
		83083A29126BEA3300A7EE9E /* OTWallet.cpp */ = {isa = PBXFileReference; fileEncoding = 4; lastKnownFileType = sourcecode.cpp.cpp; name = OTWallet.cpp; path = ../OTLib/OTWallet.cpp; sourceTree = SOURCE_ROOT; };
		83083A2A126BEA3300A7EE9E /* OTWallet.h */ = {isa = PBXFileReference; fileEncoding = 4; lastKnownFileType = sourcecode.c.h; name = OTWallet.h; path = ../OTLib/OTWallet.h; sourceTree = SOURCE_ROOT; };
		830EC8D911F8B8FE00198F04 /* OTServerConnection.cpp */ = {isa = PBXFileReference; fileEncoding = 4; lastKnownFileType = sourcecode.cpp.cpp; path = OTServerConnection.cpp; sourceTree = "<group>"; };
		830EC8DA11F8B8FE00198F04 /* OTServerConnection.h */ = {isa = PBXFileReference; fileEncoding = 4; lastKnownFileType = sourcecode.c.h; path = OTServerConnection.h; sourceTree = "<group>"; };
		830EC8E311F8BF0A00198F04 /* testclient.cpp */ = {isa = PBXFileReference; fileEncoding = 4; lastKnownFileType = sourcecode.cpp.cpp; path = testclient.cpp; sourceTree = "<group>"; };
		8392375E11BB395400AF54AF /* OTClient.h */ = {isa = PBXFileReference; fileEncoding = 4; lastKnownFileType = sourcecode.c.h; path = OTClient.h; sourceTree = "<group>"; };
		8392375F11BB395400AF54AF /* OTClient.cpp */ = {isa = PBXFileReference; fileEncoding = 4; lastKnownFileType = sourcecode.cpp.cpp; path = OTClient.cpp; sourceTree = "<group>"; };
		83923BCC11BDA44200AF54AF /* SFSocket.c */ = {isa = PBXFileReference; fileEncoding = 4; lastKnownFileType = sourcecode.c.c; path = SFSocket.c; sourceTree = "<group>"; };
		83923BCD11BDA44200AF54AF /* SFSocket.h */ = {isa = PBXFileReference; fileEncoding = 4; lastKnownFileType = sourcecode.c.h; path = SFSocket.h; sourceTree = "<group>"; };
		83BCB1FB11B0AE1400E6A0B2 /* main.h */ = {isa = PBXFileReference; fileEncoding = 4; lastKnownFileType = sourcecode.c.h; path = main.h; sourceTree = "<group>"; };
		83C095BB11B2860700FDCACD /* wallet.xml */ = {isa = PBXFileReference; fileEncoding = 4; lastKnownFileType = text.xml; path = wallet.xml; sourceTree = "<group>"; };
		83C5F2FB122DE66100964E36 /* OpenTransactions.cpp */ = {isa = PBXFileReference; fileEncoding = 4; lastKnownFileType = sourcecode.cpp.cpp; path = OpenTransactions.cpp; sourceTree = "<group>"; };
		83C5F2FC122DE66100964E36 /* OpenTransactions.h */ = {isa = PBXFileReference; fileEncoding = 4; lastKnownFileType = sourcecode.c.h; path = OpenTransactions.h; sourceTree = "<group>"; };
		83C5F50A122E10D600964E36 /* libOTLib.a */ = {isa = PBXFileReference; lastKnownFileType = archive.ar; name = libOTLib.a; path = ../OTLib/libOTLib.a; sourceTree = SOURCE_ROOT; };
		83E651D7122E32E700320598 /* Makefile.OT_API */ = {isa = PBXFileReference; fileEncoding = 4; lastKnownFileType = text; path = Makefile.OT_API; sourceTree = "<group>"; };
		83E651D8122E32E700320598 /* Makefile.testwallet */ = {isa = PBXFileReference; fileEncoding = 4; lastKnownFileType = text; path = Makefile.testwallet; sourceTree = "<group>"; };
		8DD76F6C0486A84900D96B5E /* testwallet */ = {isa = PBXFileReference; explicitFileType = "compiled.mach-o.executable"; includeInIndex = 0; path = testwallet; sourceTree = BUILT_PRODUCTS_DIR; };
		C6859E8B029090EE04C91782 /* testwallet.1 */ = {isa = PBXFileReference; lastKnownFileType = text.man; path = testwallet.1; sourceTree = "<group>"; };
/* End PBXFileReference section */

/* Begin PBXFrameworksBuildPhase section */
		8DD76F660486A84900D96B5E /* Frameworks */ = {
			isa = PBXFrameworksBuildPhase;
			buildActionMask = 2147483647;
			files = (
				83C5F50B122E10D600964E36 /* libOTLib.a in Frameworks */,
			);
			runOnlyForDeploymentPostprocessing = 0;
		};
/* End PBXFrameworksBuildPhase section */

/* Begin PBXGroup section */
		08FB7794FE84155DC02AAC07 /* testwallet */ = {
			isa = PBXGroup;
			children = (
				83E651D7122E32E700320598 /* Makefile.OT_API */,
				83E651D8122E32E700320598 /* Makefile.testwallet */,
				83C5F50A122E10D600964E36 /* libOTLib.a */,
				83C095BB11B2860700FDCACD /* wallet.xml */,
				83923BC311BDA44200AF54AF /* SSL-Example */,
				08FB7795FE84155DC02AAC07 /* Source */,
				C6859E8C029090F304C91782 /* Documentation */,
				1AB674ADFE9D54B511CA2CBB /* Products */,
			);
			name = testwallet;
			sourceTree = "<group>";
		};
		08FB7795FE84155DC02AAC07 /* Source */ = {
			isa = PBXGroup;
			children = (
				83083A29126BEA3300A7EE9E /* OTWallet.cpp */,
				83083A2A126BEA3300A7EE9E /* OTWallet.h */,
				830EC8E311F8BF0A00198F04 /* testclient.cpp */,
				83C5F2FC122DE66100964E36 /* OpenTransactions.h */,
				83C5F2FB122DE66100964E36 /* OpenTransactions.cpp */,
				8392375E11BB395400AF54AF /* OTClient.h */,
				8392375F11BB395400AF54AF /* OTClient.cpp */,
				830EC8D911F8B8FE00198F04 /* OTServerConnection.cpp */,
				830EC8DA11F8B8FE00198F04 /* OTServerConnection.h */,
				83BCB1FB11B0AE1400E6A0B2 /* main.h */,
			);
			name = Source;
			sourceTree = "<group>";
		};
		1AB674ADFE9D54B511CA2CBB /* Products */ = {
			isa = PBXGroup;
			children = (
				8DD76F6C0486A84900D96B5E /* testwallet */,
			);
			name = Products;
			sourceTree = "<group>";
		};
		83923BC311BDA44200AF54AF /* SSL-Example */ = {
			isa = PBXGroup;
			children = (
				83923BCC11BDA44200AF54AF /* SFSocket.c */,
				83923BCD11BDA44200AF54AF /* SFSocket.h */,
			);
			path = "SSL-Example";
			sourceTree = "<group>";
		};
		C6859E8C029090F304C91782 /* Documentation */ = {
			isa = PBXGroup;
			children = (
				C6859E8B029090EE04C91782 /* testwallet.1 */,
			);
			name = Documentation;
			sourceTree = "<group>";
		};
/* End PBXGroup section */

/* Begin PBXNativeTarget section */
		8DD76F620486A84900D96B5E /* testwallet */ = {
			isa = PBXNativeTarget;
			buildConfigurationList = 1DEB923108733DC60010E9CD /* Build configuration list for PBXNativeTarget "testwallet" */;
			buildPhases = (
				8DD76F640486A84900D96B5E /* Sources */,
				8DD76F660486A84900D96B5E /* Frameworks */,
				8DD76F690486A84900D96B5E /* CopyFiles */,
			);
			buildRules = (
			);
			dependencies = (
			);
			name = testwallet;
			productInstallPath = "$(HOME)/bin";
			productName = testwallet;
			productReference = 8DD76F6C0486A84900D96B5E /* testwallet */;
			productType = "com.apple.product-type.tool";
		};
/* End PBXNativeTarget section */

/* Begin PBXProject section */
		08FB7793FE84155DC02AAC07 /* Project object */ = {
			isa = PBXProject;
			buildConfigurationList = 1DEB923508733DC60010E9CD /* Build configuration list for PBXProject "testwallet" */;
			compatibilityVersion = "Xcode 3.1";
			hasScannedForEncodings = 1;
			mainGroup = 08FB7794FE84155DC02AAC07 /* testwallet */;
			projectDirPath = "";
			projectRoot = "";
			targets = (
				8DD76F620486A84900D96B5E /* testwallet */,
			);
		};
/* End PBXProject section */

/* Begin PBXSourcesBuildPhase section */
		8DD76F640486A84900D96B5E /* Sources */ = {
			isa = PBXSourcesBuildPhase;
			buildActionMask = 2147483647;
			files = (
				8392376011BB395400AF54AF /* OTClient.cpp in Sources */,
				83923E6E11BE027E00AF54AF /* SFSocket.c in Sources */,
				830EC8DB11F8B8FE00198F04 /* OTServerConnection.cpp in Sources */,
				83C5F2FD122DE66100964E36 /* OpenTransactions.cpp in Sources */,
				83C5F386122DED4800964E36 /* testclient.cpp in Sources */,
				83083A2B126BEA3300A7EE9E /* OTWallet.cpp in Sources */,
			);
			runOnlyForDeploymentPostprocessing = 0;
		};
/* End PBXSourcesBuildPhase section */

/* Begin XCBuildConfiguration section */
		1DEB923208733DC60010E9CD /* Debug */ = {
			isa = XCBuildConfiguration;
			buildSettings = {
				ALWAYS_SEARCH_USER_PATHS = NO;
				COPY_PHASE_STRIP = NO;
				GCC_DYNAMIC_NO_PIC = NO;
				GCC_ENABLE_FIX_AND_CONTINUE = YES;
				GCC_MODEL_TUNING = G5;
				GCC_OPTIMIZATION_LEVEL = 0;
				GCC_PREPROCESSOR_DEFINITIONS = (
					"_GLIBCXX_DEBUG=1",
					"_GLIBCXX_DEBUG_PEDANTIC=1",
				);
				INSTALL_PATH = /usr/local/bin;
				LIBRARY_SEARCH_PATHS = (
					"$(inherited)",
					"\"$(SRCROOT)/../OTLib/OTLib/build/Debug\"",
					"\"$(SRCROOT)/../OTLib/build/Debug\"",
					"\"$(SRCROOT)\"",
					"\"$(SRCROOT)/../OTLib\"",
				);
				OTHER_LDFLAGS = (
					"-lssl",
					"-lcrypto",
				);
				PRODUCT_NAME = testwallet;
			};
			name = Debug;
		};
		1DEB923308733DC60010E9CD /* Release */ = {
			isa = XCBuildConfiguration;
			buildSettings = {
				ALWAYS_SEARCH_USER_PATHS = NO;
				DEBUG_INFORMATION_FORMAT = "dwarf-with-dsym";
				GCC_MODEL_TUNING = G5;
				INSTALL_PATH = /usr/local/bin;
				LIBRARY_SEARCH_PATHS = (
					"$(inherited)",
					"\"$(SRCROOT)/../OTLib/OTLib/build/Debug\"",
					"\"$(SRCROOT)/../OTLib/build/Debug\"",
					"\"$(SRCROOT)\"",
					"\"$(SRCROOT)/../OTLib\"",
				);
				OTHER_LDFLAGS = (
					"-lssl",
					"-lcrypto",
				);
				PRODUCT_NAME = testwallet;
			};
			name = Release;
		};
		1DEB923608733DC60010E9CD /* Debug */ = {
			isa = XCBuildConfiguration;
			buildSettings = {
				ARCHS = "$(ARCHS_STANDARD_32_64_BIT)";
				GCC_C_LANGUAGE_STANDARD = gnu99;
				GCC_OPTIMIZATION_LEVEL = 0;
				GCC_WARN_ABOUT_RETURN_TYPE = YES;
				GCC_WARN_UNUSED_VARIABLE = YES;
				HEADER_SEARCH_PATHS = "\"/Users/REDACTED/Projects/Open-Transactions/OTLib\"";
				ONLY_ACTIVE_ARCH = YES;
				OTHER_CPLUSPLUSFLAGS = "$(OTHER_CFLAGS)";
				OTHER_LDFLAGS = (
					"-lssl",
					"-lcrypto",
				);
				PREBINDING = NO;
				SDKROOT = macosx10.6;
			};
			name = Debug;
		};
		1DEB923708733DC60010E9CD /* Release */ = {
			isa = XCBuildConfiguration;
			buildSettings = {
				ARCHS = "$(ARCHS_STANDARD_32_64_BIT)";
				GCC_C_LANGUAGE_STANDARD = gnu99;
				GCC_WARN_ABOUT_RETURN_TYPE = YES;
				GCC_WARN_UNUSED_VARIABLE = YES;
				HEADER_SEARCH_PATHS = "\"/Users/REDACTED/Projects/Open-Transactions/OTLib\"";
				OTHER_CPLUSPLUSFLAGS = "$(OTHER_CFLAGS)";
				OTHER_LDFLAGS = (
					"-lssl",
					"-lcrypto",
				);
				PREBINDING = NO;
				SDKROOT = macosx10.6;
			};
			name = Release;
		};
/* End XCBuildConfiguration section */

/* Begin XCConfigurationList section */
		1DEB923108733DC60010E9CD /* Build configuration list for PBXNativeTarget "testwallet" */ = {
			isa = XCConfigurationList;
			buildConfigurations = (
				1DEB923208733DC60010E9CD /* Debug */,
				1DEB923308733DC60010E9CD /* Release */,
			);
			defaultConfigurationIsVisible = 0;
			defaultConfigurationName = Release;
		};
		1DEB923508733DC60010E9CD /* Build configuration list for PBXProject "testwallet" */ = {
			isa = XCConfigurationList;
			buildConfigurations = (
				1DEB923608733DC60010E9CD /* Debug */,
				1DEB923708733DC60010E9CD /* Release */,
			);
			defaultConfigurationIsVisible = 0;
			defaultConfigurationName = Release;
		};
/* End XCConfigurationList section */
	};
	rootObject = 08FB7793FE84155DC02AAC07 /* Project object */;
}
