
Microsoft Visual Studio Solution File, Format Version 12.00
# Visual Studio 2012
Project("{FAE04EC0-301F-11D3-BF4B-00C04F79EFBC}") = "otvs", "otvs\otvs.csproj", "{8DA39946-6750-41D7-9649-2AB69085F911}"
EndProject
Project("{FAE04EC0-301F-11D3-BF4B-00C04F79EFBC}") = "demo", "demo\demo.csproj", "{F9325C86-721D-4042-8B3A-294AE700B963}"
EndProject
Global
	GlobalSection(SolutionConfigurationPlatforms) = preSolution
		Debug|Any CPU = Debug|Any CPU
		Release|Any CPU = Release|Any CPU
	EndGlobalSection
	GlobalSection(ProjectConfigurationPlatforms) = postSolution
		{8DA39946-6750-41D7-9649-2AB69085F911}.Debug|Any CPU.ActiveCfg = Debug|Any CPU
		{8DA39946-6750-41D7-9649-2AB69085F911}.Debug|Any CPU.Build.0 = Debug|Any CPU
		{8DA39946-6750-41D7-9649-2AB69085F911}.Release|Any CPU.ActiveCfg = Release|Any CPU
		{8DA39946-6750-41D7-9649-2AB69085F911}.Release|Any CPU.Build.0 = Release|Any CPU
		{F9325C86-721D-4042-8B3A-294AE700B963}.Debug|Any CPU.ActiveCfg = Debug|Any CPU
		{F9325C86-721D-4042-8B3A-294AE700B963}.Debug|Any CPU.Build.0 = Debug|Any CPU
		{F9325C86-721D-4042-8B3A-294AE700B963}.Release|Any CPU.ActiveCfg = Release|Any CPU
		{F9325C86-721D-4042-8B3A-294AE700B963}.Release|Any CPU.Build.0 = Release|Any CPU
	EndGlobalSection
	GlobalSection(MonoDevelopProperties) = preSolution
		StartupItem = demo\demo.csproj
	EndGlobalSection
	GlobalSection(SolutionProperties) = preSolution
		HideSolutionNode = FALSE
	EndGlobalSection
EndGlobal
