// !$*UTF8*$!
{
	archiveVersion = 1;
	classes = {
	};
	objectVersion = 45;
	objects = {

/* Begin PBXBuildFile section */
		50149BDA09E781A5002DEE6A /* OTLib.h in Headers */ = {isa = PBXBuildFile; fileRef = 50149BD909E781A5002DEE6A /* OTLib.h */; };
		5073E0CB09E734E500EC74B6 /* OTLib.cp in Sources */ = {isa = PBXBuildFile; fileRef = 5073E0C409E734A800EC74B6 /* OTLib.cp */; };
		8306A36F11C202D200A8AFDC /* libcrypto.a in Frameworks */ = {isa = PBXBuildFile; fileRef = 8306A36D11C202D100A8AFDC /* libcrypto.a */; };
		8306A37011C202D200A8AFDC /* libssl.a in Frameworks */ = {isa = PBXBuildFile; fileRef = 8306A36E11C202D200A8AFDC /* libssl.a */; };
		8306A52D11C2627C00A8AFDC /* OTEnvelope.h in Headers */ = {isa = PBXBuildFile; fileRef = 8306A52B11C2627C00A8AFDC /* OTEnvelope.h */; };
		8306A52E11C2627C00A8AFDC /* OTEnvelope.cpp in Sources */ = {isa = PBXBuildFile; fileRef = 8306A52C11C2627C00A8AFDC /* OTEnvelope.cpp */; };
		8339D9F611DD3A8F007BED46 /* easyzlib.c in Sources */ = {isa = PBXBuildFile; fileRef = 8339D9F411DD3A8F007BED46 /* easyzlib.c */; };
		8339D9F711DD3A8F007BED46 /* easyzlib.h in Headers */ = {isa = PBXBuildFile; fileRef = 8339D9F511DD3A8F007BED46 /* easyzlib.h */; };
		8377234D1216B401003712F8 /* OTSignedFile.h in Headers */ = {isa = PBXBuildFile; fileRef = 8377234B1216B401003712F8 /* OTSignedFile.h */; };
		8377234E1216B401003712F8 /* OTSignedFile.cpp in Sources */ = {isa = PBXBuildFile; fileRef = 8377234C1216B401003712F8 /* OTSignedFile.cpp */; };
		837ECC781255C0B900EC4855 /* OTTrackable.h in Headers */ = {isa = PBXBuildFile; fileRef = 837ECC761255C0B900EC4855 /* OTTrackable.h */; };
		837ECC791255C0B900EC4855 /* OTTrackable.cpp in Sources */ = {isa = PBXBuildFile; fileRef = 837ECC771255C0B900EC4855 /* OTTrackable.cpp */; };
		839228B011B46C8300AF54AF /* OTASCIIArmor.h in Headers */ = {isa = PBXBuildFile; fileRef = 839228AE11B46C8300AF54AF /* OTASCIIArmor.h */; };
		839228B111B46C8300AF54AF /* OTSignature.cpp in Sources */ = {isa = PBXBuildFile; fileRef = 839228AF11B46C8300AF54AF /* OTSignature.cpp */; };
		83922B3F11B5DABE00AF54AF /* OTASCIIArmor.cpp in Sources */ = {isa = PBXBuildFile; fileRef = 83922B3D11B5DABE00AF54AF /* OTASCIIArmor.cpp */; };
		83922B4011B5DABE00AF54AF /* OTSignature.h in Headers */ = {isa = PBXBuildFile; fileRef = 83922B3E11B5DABE00AF54AF /* OTSignature.h */; };
		83922BFC11B6559D00AF54AF /* OTIdentifier.cpp in Sources */ = {isa = PBXBuildFile; fileRef = 83922BFA11B6559D00AF54AF /* OTIdentifier.cpp */; };
		83922BFD11B6559D00AF54AF /* OTIdentifier.h in Headers */ = {isa = PBXBuildFile; fileRef = 83922BFB11B6559D00AF54AF /* OTIdentifier.h */; };
		83922D2211B79A7C00AF54AF /* OTAsymmetricKey.h in Headers */ = {isa = PBXBuildFile; fileRef = 83922D2011B79A7C00AF54AF /* OTAsymmetricKey.h */; };
		83922D2311B79A7C00AF54AF /* OTAsymmetricKey.cpp in Sources */ = {isa = PBXBuildFile; fileRef = 83922D2111B79A7C00AF54AF /* OTAsymmetricKey.cpp */; };
		8392315B11B9B02500AF54AF /* irrXML.cpp in Sources */ = {isa = PBXBuildFile; fileRef = 8392315211B9B02500AF54AF /* irrXML.cpp */; };
		8392317311B9B08100AF54AF /* OTStringXML.cpp in Sources */ = {isa = PBXBuildFile; fileRef = 8392317111B9B08100AF54AF /* OTStringXML.cpp */; };
		8392317411B9B08100AF54AF /* OTStringXML.h in Headers */ = {isa = PBXBuildFile; fileRef = 8392317211B9B08100AF54AF /* OTStringXML.h */; };
		8392317B11B9B0B200AF54AF /* OTContract.cpp in Sources */ = {isa = PBXBuildFile; fileRef = 8392317911B9B0B200AF54AF /* OTContract.cpp */; };
		8392317C11B9B0B200AF54AF /* OTContract.h in Headers */ = {isa = PBXBuildFile; fileRef = 8392317A11B9B0B200AF54AF /* OTContract.h */; };
		8392318A11B9B10900AF54AF /* OTPseudonym.cpp in Sources */ = {isa = PBXBuildFile; fileRef = 8392318811B9B10900AF54AF /* OTPseudonym.cpp */; };
		8392318B11B9B10900AF54AF /* OTPseudonym.h in Headers */ = {isa = PBXBuildFile; fileRef = 8392318911B9B10900AF54AF /* OTPseudonym.h */; };
		8392319D11B9B40300AF54AF /* OTMessage.h in Headers */ = {isa = PBXBuildFile; fileRef = 8392319B11B9B40300AF54AF /* OTMessage.h */; };
		8392319E11B9B40300AF54AF /* OTMessage.cpp in Sources */ = {isa = PBXBuildFile; fileRef = 8392319C11B9B40300AF54AF /* OTMessage.cpp */; };
		839231A311B9B50A00AF54AF /* OTAssetContract.cpp in Sources */ = {isa = PBXBuildFile; fileRef = 8392319F11B9B50A00AF54AF /* OTAssetContract.cpp */; };
		839231A411B9B50A00AF54AF /* OTAssetContract.h in Headers */ = {isa = PBXBuildFile; fileRef = 839231A011B9B50A00AF54AF /* OTAssetContract.h */; };
		839231A511B9B50A00AF54AF /* OTServerContract.cpp in Sources */ = {isa = PBXBuildFile; fileRef = 839231A111B9B50A00AF54AF /* OTServerContract.cpp */; };
		839231A611B9B50A00AF54AF /* OTServerContract.h in Headers */ = {isa = PBXBuildFile; fileRef = 839231A211B9B50A00AF54AF /* OTServerContract.h */; };
		8392393F11BC5ED100AF54AF /* OTAccount.cpp in Sources */ = {isa = PBXBuildFile; fileRef = 8392393D11BC5ED100AF54AF /* OTAccount.cpp */; };
		8392394011BC5ED100AF54AF /* OTAccount.h in Headers */ = {isa = PBXBuildFile; fileRef = 8392393E11BC5ED100AF54AF /* OTAccount.h */; };
		83A158AA11B0B86E00B05397 /* OTData.cpp in Sources */ = {isa = PBXBuildFile; fileRef = 83A158A911B0B86E00B05397 /* OTData.cpp */; };
		83A158AE11B0B87C00B05397 /* OTData.h in Headers */ = {isa = PBXBuildFile; fileRef = 83A158AD11B0B87C00B05397 /* OTData.h */; };
		83A158B211B0B88300B05397 /* OTDataCheck.cpp in Sources */ = {isa = PBXBuildFile; fileRef = 83A158B111B0B88300B05397 /* OTDataCheck.cpp */; };
		83A158B411B0B88700B05397 /* OTDataCheck.h in Headers */ = {isa = PBXBuildFile; fileRef = 83A158B311B0B88700B05397 /* OTDataCheck.h */; };
		83A158B811B0B89300B05397 /* OTglobal.h in Headers */ = {isa = PBXBuildFile; fileRef = 83A158B711B0B89300B05397 /* OTglobal.h */; };
		83A158BC11B0B8A100B05397 /* OTString.cpp in Sources */ = {isa = PBXBuildFile; fileRef = 83A158BB11B0B8A100B05397 /* OTString.cpp */; };
		83A158C011B0B8A700B05397 /* OTString.h in Headers */ = {isa = PBXBuildFile; fileRef = 83A158BF11B0B8A700B05397 /* OTString.h */; };
		83A7D1281245E83F00DE6C1B /* OTAgreement.h in Headers */ = {isa = PBXBuildFile; fileRef = 83A7D1261245E83F00DE6C1B /* OTAgreement.h */; };
		83A7D1291245E83F00DE6C1B /* OTAgreement.cpp in Sources */ = {isa = PBXBuildFile; fileRef = 83A7D1271245E83F00DE6C1B /* OTAgreement.cpp */; };
		83A7D12E1245E85D00DE6C1B /* OTCron.h in Headers */ = {isa = PBXBuildFile; fileRef = 83A7D12C1245E85D00DE6C1B /* OTCron.h */; };
		83A7D12F1245E85D00DE6C1B /* OTCron.cpp in Sources */ = {isa = PBXBuildFile; fileRef = 83A7D12D1245E85D00DE6C1B /* OTCron.cpp */; };
		83A7D1341245E88600DE6C1B /* OTCronItem.h in Headers */ = {isa = PBXBuildFile; fileRef = 83A7D1321245E88600DE6C1B /* OTCronItem.h */; };
		83A7D1351245E88600DE6C1B /* OTCronItem.cpp in Sources */ = {isa = PBXBuildFile; fileRef = 83A7D1331245E88600DE6C1B /* OTCronItem.cpp */; };
		83A7D13A1245E8B000DE6C1B /* OTTrade.h in Headers */ = {isa = PBXBuildFile; fileRef = 83A7D1381245E8B000DE6C1B /* OTTrade.h */; };
		83A7D13B1245E8B000DE6C1B /* OTTrade.cpp in Sources */ = {isa = PBXBuildFile; fileRef = 83A7D1391245E8B000DE6C1B /* OTTrade.cpp */; };
		83A7D1401245E8CD00DE6C1B /* OTOffer.h in Headers */ = {isa = PBXBuildFile; fileRef = 83A7D13E1245E8CD00DE6C1B /* OTOffer.h */; };
		83A7D1411245E8CD00DE6C1B /* OTOffer.cpp in Sources */ = {isa = PBXBuildFile; fileRef = 83A7D13F1245E8CD00DE6C1B /* OTOffer.cpp */; };
		83A7D1461245E8DD00DE6C1B /* OTMarket.h in Headers */ = {isa = PBXBuildFile; fileRef = 83A7D1441245E8DD00DE6C1B /* OTMarket.h */; };
		83A7D1471245E8DD00DE6C1B /* OTMarket.cpp in Sources */ = {isa = PBXBuildFile; fileRef = 83A7D1451245E8DD00DE6C1B /* OTMarket.cpp */; };
		83A7D1631246C8A600DE6C1B /* OTLog.h in Headers */ = {isa = PBXBuildFile; fileRef = 83A7D1611246C8A600DE6C1B /* OTLog.h */; };
		83A7D1641246C8A600DE6C1B /* OTLog.cpp in Sources */ = {isa = PBXBuildFile; fileRef = 83A7D1621246C8A600DE6C1B /* OTLog.cpp */; };
		83AC18D5120D5E8400C5A816 /* OTInstrument.h in Headers */ = {isa = PBXBuildFile; fileRef = 83AC18D3120D5E8400C5A816 /* OTInstrument.h */; };
		83AC18D6120D5E8400C5A816 /* OTInstrument.cpp in Sources */ = {isa = PBXBuildFile; fileRef = 83AC18D4120D5E8400C5A816 /* OTInstrument.cpp */; };
		83AC18DB120D5E9D00C5A816 /* OTCheque.h in Headers */ = {isa = PBXBuildFile; fileRef = 83AC18D9120D5E9D00C5A816 /* OTCheque.h */; };
		83AC18DC120D5E9D00C5A816 /* OTCheque.cpp in Sources */ = {isa = PBXBuildFile; fileRef = 83AC18DA120D5E9D00C5A816 /* OTCheque.cpp */; };
		83BF03B311CDDB6D00372F8D /* OTTransactionType.h in Headers */ = {isa = PBXBuildFile; fileRef = 83BF03B111CDDB6D00372F8D /* OTTransactionType.h */; };
		83BF03B411CDDB6D00372F8D /* OTTransactionType.cpp in Sources */ = {isa = PBXBuildFile; fileRef = 83BF03B211CDDB6D00372F8D /* OTTransactionType.cpp */; };
		83BF07B011CF6C2400372F8D /* OTToken.h in Headers */ = {isa = PBXBuildFile; fileRef = 83BF07AE11CF6C2400372F8D /* OTToken.h */; };
		83BF07B111CF6C2400372F8D /* OTToken.cpp in Sources */ = {isa = PBXBuildFile; fileRef = 83BF07AF11CF6C2400372F8D /* OTToken.cpp */; };
		83BF07BD11D1D0CF00372F8D /* OTMint.h in Headers */ = {isa = PBXBuildFile; fileRef = 83BF07BB11D1D0CF00372F8D /* OTMint.h */; };
		83BF07BE11D1D0CF00372F8D /* OTMint.cpp in Sources */ = {isa = PBXBuildFile; fileRef = 83BF07BC11D1D0CF00372F8D /* OTMint.cpp */; };
		83BF098911D37AE100372F8D /* OTBasket.h in Headers */ = {isa = PBXBuildFile; fileRef = 83BF098711D37AE100372F8D /* OTBasket.h */; };
		83BF098A11D37AE100372F8D /* OTBasket.cpp in Sources */ = {isa = PBXBuildFile; fileRef = 83BF098811D37AE100372F8D /* OTBasket.cpp */; };
		83BF09C011D4988600372F8D /* OTPurse.h in Headers */ = {isa = PBXBuildFile; fileRef = 83BF09BE11D4988600372F8D /* OTPurse.h */; };
		83BF09C111D4988600372F8D /* OTPurse.cpp in Sources */ = {isa = PBXBuildFile; fileRef = 83BF09BF11D4988600372F8D /* OTPurse.cpp */; };
		83BFFA8711C83A0B00372F8D /* OTTransaction.h in Headers */ = {isa = PBXBuildFile; fileRef = 83BFFA8511C83A0B00372F8D /* OTTransaction.h */; };
		83BFFA8811C83A0B00372F8D /* OTTransaction.cpp in Sources */ = {isa = PBXBuildFile; fileRef = 83BFFA8611C83A0B00372F8D /* OTTransaction.cpp */; };
		83BFFA8D11C83A2A00372F8D /* OTLedger.h in Headers */ = {isa = PBXBuildFile; fileRef = 83BFFA8B11C83A2A00372F8D /* OTLedger.h */; };
		83BFFA8E11C83A2A00372F8D /* OTLedger.cpp in Sources */ = {isa = PBXBuildFile; fileRef = 83BFFA8C11C83A2A00372F8D /* OTLedger.cpp */; };
		83BFFA9811C854B100372F8D /* OTItem.h in Headers */ = {isa = PBXBuildFile; fileRef = 83BFFA9611C854B100372F8D /* OTItem.h */; };
		83BFFA9911C854B100372F8D /* OTItem.cpp in Sources */ = {isa = PBXBuildFile; fileRef = 83BFFA9711C854B100372F8D /* OTItem.cpp */; };
		83C092A011B0C1B700FDCACD /* OTPayload.cpp in Sources */ = {isa = PBXBuildFile; fileRef = 83C0929E11B0C1B700FDCACD /* OTPayload.cpp */; };
		83C092A111B0C1B700FDCACD /* OTPayload.h in Headers */ = {isa = PBXBuildFile; fileRef = 83C0929F11B0C1B700FDCACD /* OTPayload.h */; };
		83C0955F11B238BC00FDCACD /* bank-new.cpp in Sources */ = {isa = PBXBuildFile; fileRef = 83C0953D11B238BB00FDCACD /* bank-new.cpp */; };
		83C0956111B238BC00FDCACD /* bank-sign.cpp in Sources */ = {isa = PBXBuildFile; fileRef = 83C0954011B238BB00FDCACD /* bank-sign.cpp */; };
		83C0956311B238BC00FDCACD /* bank-verify.cpp in Sources */ = {isa = PBXBuildFile; fileRef = 83C0954311B238BB00FDCACD /* bank-verify.cpp */; };
		83C0956811B238BC00FDCACD /* bankimp.cpp in Sources */ = {isa = PBXBuildFile; fileRef = 83C0954B11B238BC00FDCACD /* bankimp.cpp */; };
		83C0956E11B238BC00FDCACD /* coin-request.cpp in Sources */ = {isa = PBXBuildFile; fileRef = 83C0955511B238BC00FDCACD /* coin-request.cpp */; };
		83C0957011B238BC00FDCACD /* coin-unblind.cpp in Sources */ = {isa = PBXBuildFile; fileRef = 83C0955811B238BC00FDCACD /* coin-unblind.cpp */; };
		83C5F4B8122E0CBC00964E36 /* OTMessageBuffer.cpp in Sources */ = {isa = PBXBuildFile; fileRef = 83C5F4B6122E0CBC00964E36 /* OTMessageBuffer.cpp */; };
		83C5F4B9122E0CBC00964E36 /* OTMessageBuffer.h in Headers */ = {isa = PBXBuildFile; fileRef = 83C5F4B7122E0CBC00964E36 /* OTMessageBuffer.h */; };
		83E162E91256F9C3005CE14B /* OTPaymentPlan.h in Headers */ = {isa = PBXBuildFile; fileRef = 83E162E71256F9C3005CE14B /* OTPaymentPlan.h */; };
		83E162EA1256F9C3005CE14B /* OTPaymentPlan.cpp in Sources */ = {isa = PBXBuildFile; fileRef = 83E162E81256F9C3005CE14B /* OTPaymentPlan.cpp */; };
		83E651D4122E32B200320598 /* Makefile in Sources */ = {isa = PBXBuildFile; fileRef = 83E651D3122E32B200320598 /* Makefile */; };
/* End PBXBuildFile section */

/* Begin PBXFileReference section */
		32BAE0B70371A74B00C91783 /* OTLib_Prefix.pch */ = {isa = PBXFileReference; fileEncoding = 4; lastKnownFileType = sourcecode.c.h; path = OTLib_Prefix.pch; sourceTree = "<group>"; };
		50149BD909E781A5002DEE6A /* OTLib.h */ = {isa = PBXFileReference; fileEncoding = 4; lastKnownFileType = sourcecode.c.h; path = OTLib.h; sourceTree = "<group>"; };
		5073E0C409E734A800EC74B6 /* OTLib.cp */ = {isa = PBXFileReference; fileEncoding = 30; lastKnownFileType = sourcecode.cpp.cpp; path = OTLib.cp; sourceTree = "<group>"; };
		5073E0C609E734A800EC74B6 /* OTLibProj.xcconfig */ = {isa = PBXFileReference; fileEncoding = 30; lastKnownFileType = text.xcconfig; path = OTLibProj.xcconfig; sourceTree = "<group>"; };
		5073E0C709E734A800EC74B6 /* OTLibTarget.xcconfig */ = {isa = PBXFileReference; fileEncoding = 30; lastKnownFileType = text.xcconfig; path = OTLibTarget.xcconfig; sourceTree = "<group>"; };
		50B2938909F016FC00694E55 /* OTLibPriv.h */ = {isa = PBXFileReference; fileEncoding = 4; lastKnownFileType = sourcecode.c.h; path = OTLibPriv.h; sourceTree = "<group>"; };
		8306A36D11C202D100A8AFDC /* libcrypto.a */ = {isa = PBXFileReference; lastKnownFileType = archive.ar; path = libcrypto.a; sourceTree = "<group>"; };
		8306A36E11C202D200A8AFDC /* libssl.a */ = {isa = PBXFileReference; lastKnownFileType = archive.ar; path = libssl.a; sourceTree = "<group>"; };
		8306A52B11C2627C00A8AFDC /* OTEnvelope.h */ = {isa = PBXFileReference; fileEncoding = 4; lastKnownFileType = sourcecode.c.h; path = OTEnvelope.h; sourceTree = "<group>"; };
		8306A52C11C2627C00A8AFDC /* OTEnvelope.cpp */ = {isa = PBXFileReference; fileEncoding = 4; lastKnownFileType = sourcecode.cpp.cpp; path = OTEnvelope.cpp; sourceTree = "<group>"; };
		8339D9F411DD3A8F007BED46 /* easyzlib.c */ = {isa = PBXFileReference; fileEncoding = 4; lastKnownFileType = sourcecode.c.c; path = easyzlib.c; sourceTree = "<group>"; };
		8339D9F511DD3A8F007BED46 /* easyzlib.h */ = {isa = PBXFileReference; fileEncoding = 4; lastKnownFileType = sourcecode.c.h; path = easyzlib.h; sourceTree = "<group>"; };
		8377234B1216B401003712F8 /* OTSignedFile.h */ = {isa = PBXFileReference; fileEncoding = 4; lastKnownFileType = sourcecode.c.h; path = OTSignedFile.h; sourceTree = "<group>"; };
		8377234C1216B401003712F8 /* OTSignedFile.cpp */ = {isa = PBXFileReference; fileEncoding = 4; lastKnownFileType = sourcecode.cpp.cpp; path = OTSignedFile.cpp; sourceTree = "<group>"; };
		837ECC761255C0B900EC4855 /* OTTrackable.h */ = {isa = PBXFileReference; fileEncoding = 4; lastKnownFileType = sourcecode.c.h; path = OTTrackable.h; sourceTree = "<group>"; };
		837ECC771255C0B900EC4855 /* OTTrackable.cpp */ = {isa = PBXFileReference; fileEncoding = 4; lastKnownFileType = sourcecode.cpp.cpp; path = OTTrackable.cpp; sourceTree = "<group>"; };
		839228AE11B46C8300AF54AF /* OTASCIIArmor.h */ = {isa = PBXFileReference; fileEncoding = 4; lastKnownFileType = sourcecode.c.h; path = OTASCIIArmor.h; sourceTree = "<group>"; };
		839228AF11B46C8300AF54AF /* OTSignature.cpp */ = {isa = PBXFileReference; fileEncoding = 4; lastKnownFileType = sourcecode.cpp.cpp; path = OTSignature.cpp; sourceTree = "<group>"; };
		83922B3D11B5DABE00AF54AF /* OTASCIIArmor.cpp */ = {isa = PBXFileReference; fileEncoding = 4; lastKnownFileType = sourcecode.cpp.cpp; path = OTASCIIArmor.cpp; sourceTree = "<group>"; };
		83922B3E11B5DABE00AF54AF /* OTSignature.h */ = {isa = PBXFileReference; fileEncoding = 4; lastKnownFileType = sourcecode.c.h; path = OTSignature.h; sourceTree = "<group>"; };
		83922BFA11B6559D00AF54AF /* OTIdentifier.cpp */ = {isa = PBXFileReference; fileEncoding = 4; lastKnownFileType = sourcecode.cpp.cpp; path = OTIdentifier.cpp; sourceTree = "<group>"; };
		83922BFB11B6559D00AF54AF /* OTIdentifier.h */ = {isa = PBXFileReference; fileEncoding = 4; lastKnownFileType = sourcecode.c.h; path = OTIdentifier.h; sourceTree = "<group>"; };
		83922D2011B79A7C00AF54AF /* OTAsymmetricKey.h */ = {isa = PBXFileReference; fileEncoding = 4; lastKnownFileType = sourcecode.c.h; path = OTAsymmetricKey.h; sourceTree = "<group>"; };
		83922D2111B79A7C00AF54AF /* OTAsymmetricKey.cpp */ = {isa = PBXFileReference; fileEncoding = 4; lastKnownFileType = sourcecode.cpp.cpp; path = OTAsymmetricKey.cpp; sourceTree = "<group>"; };
		8392314C11B9B02500AF54AF /* CXMLReaderImpl.h */ = {isa = PBXFileReference; fileEncoding = 4; lastKnownFileType = sourcecode.c.h; path = CXMLReaderImpl.h; sourceTree = "<group>"; };
		8392314D11B9B02500AF54AF /* fast_atof.h */ = {isa = PBXFileReference; fileEncoding = 4; lastKnownFileType = sourcecode.c.h; path = fast_atof.h; sourceTree = "<group>"; };
		8392314E11B9B02500AF54AF /* heapsort.h */ = {isa = PBXFileReference; fileEncoding = 4; lastKnownFileType = sourcecode.c.h; path = heapsort.h; sourceTree = "<group>"; };
		8392314F11B9B02500AF54AF /* irrArray.h */ = {isa = PBXFileReference; fileEncoding = 4; lastKnownFileType = sourcecode.c.h; path = irrArray.h; sourceTree = "<group>"; };
		8392315011B9B02500AF54AF /* irrString.h */ = {isa = PBXFileReference; fileEncoding = 4; lastKnownFileType = sourcecode.c.h; path = irrString.h; sourceTree = "<group>"; };
		8392315111B9B02500AF54AF /* irrTypes.h */ = {isa = PBXFileReference; fileEncoding = 4; lastKnownFileType = sourcecode.c.h; path = irrTypes.h; sourceTree = "<group>"; };
		8392315211B9B02500AF54AF /* irrXML.cpp */ = {isa = PBXFileReference; fileEncoding = 4; lastKnownFileType = sourcecode.cpp.cpp; path = irrXML.cpp; sourceTree = "<group>"; };
		8392315311B9B02500AF54AF /* irrXML.h */ = {isa = PBXFileReference; fileEncoding = 4; lastKnownFileType = sourcecode.c.h; path = irrXML.h; sourceTree = "<group>"; };
		8392317111B9B08100AF54AF /* OTStringXML.cpp */ = {isa = PBXFileReference; fileEncoding = 4; lastKnownFileType = sourcecode.cpp.cpp; path = OTStringXML.cpp; sourceTree = "<group>"; };
		8392317211B9B08100AF54AF /* OTStringXML.h */ = {isa = PBXFileReference; fileEncoding = 4; lastKnownFileType = sourcecode.c.h; path = OTStringXML.h; sourceTree = "<group>"; };
		8392317911B9B0B200AF54AF /* OTContract.cpp */ = {isa = PBXFileReference; fileEncoding = 4; lastKnownFileType = sourcecode.cpp.cpp; path = OTContract.cpp; sourceTree = "<group>"; };
		8392317A11B9B0B200AF54AF /* OTContract.h */ = {isa = PBXFileReference; fileEncoding = 4; lastKnownFileType = sourcecode.c.h; path = OTContract.h; sourceTree = "<group>"; };
		8392318811B9B10900AF54AF /* OTPseudonym.cpp */ = {isa = PBXFileReference; fileEncoding = 4; lastKnownFileType = sourcecode.cpp.cpp; path = OTPseudonym.cpp; sourceTree = "<group>"; };
		8392318911B9B10900AF54AF /* OTPseudonym.h */ = {isa = PBXFileReference; fileEncoding = 4; lastKnownFileType = sourcecode.c.h; path = OTPseudonym.h; sourceTree = "<group>"; };
		8392319B11B9B40300AF54AF /* OTMessage.h */ = {isa = PBXFileReference; fileEncoding = 4; lastKnownFileType = sourcecode.c.h; path = OTMessage.h; sourceTree = "<group>"; };
		8392319C11B9B40300AF54AF /* OTMessage.cpp */ = {isa = PBXFileReference; fileEncoding = 4; lastKnownFileType = sourcecode.cpp.cpp; path = OTMessage.cpp; sourceTree = "<group>"; };
		8392319F11B9B50A00AF54AF /* OTAssetContract.cpp */ = {isa = PBXFileReference; fileEncoding = 4; lastKnownFileType = sourcecode.cpp.cpp; path = OTAssetContract.cpp; sourceTree = "<group>"; };
		839231A011B9B50A00AF54AF /* OTAssetContract.h */ = {isa = PBXFileReference; fileEncoding = 4; lastKnownFileType = sourcecode.c.h; path = OTAssetContract.h; sourceTree = "<group>"; };
		839231A111B9B50A00AF54AF /* OTServerContract.cpp */ = {isa = PBXFileReference; fileEncoding = 4; lastKnownFileType = sourcecode.cpp.cpp; path = OTServerContract.cpp; sourceTree = "<group>"; };
		839231A211B9B50A00AF54AF /* OTServerContract.h */ = {isa = PBXFileReference; fileEncoding = 4; lastKnownFileType = sourcecode.c.h; path = OTServerContract.h; sourceTree = "<group>"; };
		8392393D11BC5ED100AF54AF /* OTAccount.cpp */ = {isa = PBXFileReference; fileEncoding = 4; lastKnownFileType = sourcecode.cpp.cpp; path = OTAccount.cpp; sourceTree = "<group>"; };
		8392393E11BC5ED100AF54AF /* OTAccount.h */ = {isa = PBXFileReference; fileEncoding = 4; lastKnownFileType = sourcecode.c.h; path = OTAccount.h; sourceTree = "<group>"; };
		83A158A911B0B86E00B05397 /* OTData.cpp */ = {isa = PBXFileReference; fileEncoding = 4; lastKnownFileType = sourcecode.cpp.cpp; path = OTData.cpp; sourceTree = "<group>"; };
		83A158AD11B0B87C00B05397 /* OTData.h */ = {isa = PBXFileReference; fileEncoding = 4; lastKnownFileType = sourcecode.c.h; path = OTData.h; sourceTree = "<group>"; };
		83A158B111B0B88300B05397 /* OTDataCheck.cpp */ = {isa = PBXFileReference; fileEncoding = 4; lastKnownFileType = sourcecode.cpp.cpp; path = OTDataCheck.cpp; sourceTree = "<group>"; };
		83A158B311B0B88700B05397 /* OTDataCheck.h */ = {isa = PBXFileReference; fileEncoding = 4; lastKnownFileType = sourcecode.c.h; path = OTDataCheck.h; sourceTree = "<group>"; };
		83A158B711B0B89300B05397 /* OTglobal.h */ = {isa = PBXFileReference; fileEncoding = 4; lastKnownFileType = sourcecode.c.h; path = OTglobal.h; sourceTree = "<group>"; };
		83A158BB11B0B8A100B05397 /* OTString.cpp */ = {isa = PBXFileReference; fileEncoding = 4; lastKnownFileType = sourcecode.cpp.cpp; path = OTString.cpp; sourceTree = "<group>"; };
		83A158BF11B0B8A700B05397 /* OTString.h */ = {isa = PBXFileReference; fileEncoding = 4; lastKnownFileType = sourcecode.c.h; path = OTString.h; sourceTree = "<group>"; };
		83A7D1261245E83F00DE6C1B /* OTAgreement.h */ = {isa = PBXFileReference; fileEncoding = 4; lastKnownFileType = sourcecode.c.h; path = OTAgreement.h; sourceTree = "<group>"; };
		83A7D1271245E83F00DE6C1B /* OTAgreement.cpp */ = {isa = PBXFileReference; fileEncoding = 4; lastKnownFileType = sourcecode.cpp.cpp; path = OTAgreement.cpp; sourceTree = "<group>"; };
		83A7D12C1245E85D00DE6C1B /* OTCron.h */ = {isa = PBXFileReference; fileEncoding = 4; lastKnownFileType = sourcecode.c.h; path = OTCron.h; sourceTree = "<group>"; };
		83A7D12D1245E85D00DE6C1B /* OTCron.cpp */ = {isa = PBXFileReference; fileEncoding = 4; lastKnownFileType = sourcecode.cpp.cpp; path = OTCron.cpp; sourceTree = "<group>"; };
		83A7D1321245E88600DE6C1B /* OTCronItem.h */ = {isa = PBXFileReference; fileEncoding = 4; lastKnownFileType = sourcecode.c.h; path = OTCronItem.h; sourceTree = "<group>"; };
		83A7D1331245E88600DE6C1B /* OTCronItem.cpp */ = {isa = PBXFileReference; fileEncoding = 4; lastKnownFileType = sourcecode.cpp.cpp; path = OTCronItem.cpp; sourceTree = "<group>"; };
		83A7D1381245E8B000DE6C1B /* OTTrade.h */ = {isa = PBXFileReference; fileEncoding = 4; lastKnownFileType = sourcecode.c.h; path = OTTrade.h; sourceTree = "<group>"; };
		83A7D1391245E8B000DE6C1B /* OTTrade.cpp */ = {isa = PBXFileReference; fileEncoding = 4; lastKnownFileType = sourcecode.cpp.cpp; path = OTTrade.cpp; sourceTree = "<group>"; };
		83A7D13E1245E8CD00DE6C1B /* OTOffer.h */ = {isa = PBXFileReference; fileEncoding = 4; lastKnownFileType = sourcecode.c.h; path = OTOffer.h; sourceTree = "<group>"; };
		83A7D13F1245E8CD00DE6C1B /* OTOffer.cpp */ = {isa = PBXFileReference; fileEncoding = 4; lastKnownFileType = sourcecode.cpp.cpp; path = OTOffer.cpp; sourceTree = "<group>"; };
		83A7D1441245E8DD00DE6C1B /* OTMarket.h */ = {isa = PBXFileReference; fileEncoding = 4; lastKnownFileType = sourcecode.c.h; path = OTMarket.h; sourceTree = "<group>"; };
		83A7D1451245E8DD00DE6C1B /* OTMarket.cpp */ = {isa = PBXFileReference; fileEncoding = 4; lastKnownFileType = sourcecode.cpp.cpp; path = OTMarket.cpp; sourceTree = "<group>"; };
		83A7D1611246C8A600DE6C1B /* OTLog.h */ = {isa = PBXFileReference; fileEncoding = 4; lastKnownFileType = sourcecode.c.h; path = OTLog.h; sourceTree = "<group>"; };
		83A7D1621246C8A600DE6C1B /* OTLog.cpp */ = {isa = PBXFileReference; fileEncoding = 4; lastKnownFileType = sourcecode.cpp.cpp; path = OTLog.cpp; sourceTree = "<group>"; };
		83AC18D3120D5E8400C5A816 /* OTInstrument.h */ = {isa = PBXFileReference; fileEncoding = 4; lastKnownFileType = sourcecode.c.h; path = OTInstrument.h; sourceTree = "<group>"; };
		83AC18D4120D5E8400C5A816 /* OTInstrument.cpp */ = {isa = PBXFileReference; fileEncoding = 4; lastKnownFileType = sourcecode.cpp.cpp; path = OTInstrument.cpp; sourceTree = "<group>"; };
		83AC18D9120D5E9D00C5A816 /* OTCheque.h */ = {isa = PBXFileReference; fileEncoding = 4; lastKnownFileType = sourcecode.c.h; path = OTCheque.h; sourceTree = "<group>"; };
		83AC18DA120D5E9D00C5A816 /* OTCheque.cpp */ = {isa = PBXFileReference; fileEncoding = 4; lastKnownFileType = sourcecode.cpp.cpp; path = OTCheque.cpp; sourceTree = "<group>"; };
		83BF03B111CDDB6D00372F8D /* OTTransactionType.h */ = {isa = PBXFileReference; fileEncoding = 4; lastKnownFileType = sourcecode.c.h; path = OTTransactionType.h; sourceTree = "<group>"; };
		83BF03B211CDDB6D00372F8D /* OTTransactionType.cpp */ = {isa = PBXFileReference; fileEncoding = 4; lastKnownFileType = sourcecode.cpp.cpp; path = OTTransactionType.cpp; sourceTree = "<group>"; };
		83BF07AE11CF6C2400372F8D /* OTToken.h */ = {isa = PBXFileReference; fileEncoding = 4; lastKnownFileType = sourcecode.c.h; path = OTToken.h; sourceTree = "<group>"; };
		83BF07AF11CF6C2400372F8D /* OTToken.cpp */ = {isa = PBXFileReference; fileEncoding = 4; lastKnownFileType = sourcecode.cpp.cpp; path = OTToken.cpp; sourceTree = "<group>"; };
		83BF07BB11D1D0CF00372F8D /* OTMint.h */ = {isa = PBXFileReference; fileEncoding = 4; lastKnownFileType = sourcecode.c.h; path = OTMint.h; sourceTree = "<group>"; };
		83BF07BC11D1D0CF00372F8D /* OTMint.cpp */ = {isa = PBXFileReference; fileEncoding = 4; lastKnownFileType = sourcecode.cpp.cpp; path = OTMint.cpp; sourceTree = "<group>"; };
		83BF098711D37AE100372F8D /* OTBasket.h */ = {isa = PBXFileReference; fileEncoding = 4; lastKnownFileType = sourcecode.c.h; path = OTBasket.h; sourceTree = "<group>"; };
		83BF098811D37AE100372F8D /* OTBasket.cpp */ = {isa = PBXFileReference; fileEncoding = 4; lastKnownFileType = sourcecode.cpp.cpp; path = OTBasket.cpp; sourceTree = "<group>"; };
		83BF09BE11D4988600372F8D /* OTPurse.h */ = {isa = PBXFileReference; fileEncoding = 4; lastKnownFileType = sourcecode.c.h; path = OTPurse.h; sourceTree = "<group>"; };
		83BF09BF11D4988600372F8D /* OTPurse.cpp */ = {isa = PBXFileReference; fileEncoding = 4; lastKnownFileType = sourcecode.cpp.cpp; path = OTPurse.cpp; sourceTree = "<group>"; };
		83BFFA8511C83A0B00372F8D /* OTTransaction.h */ = {isa = PBXFileReference; fileEncoding = 4; lastKnownFileType = sourcecode.c.h; path = OTTransaction.h; sourceTree = "<group>"; };
		83BFFA8611C83A0B00372F8D /* OTTransaction.cpp */ = {isa = PBXFileReference; fileEncoding = 4; lastKnownFileType = sourcecode.cpp.cpp; path = OTTransaction.cpp; sourceTree = "<group>"; };
		83BFFA8B11C83A2A00372F8D /* OTLedger.h */ = {isa = PBXFileReference; fileEncoding = 4; lastKnownFileType = sourcecode.c.h; path = OTLedger.h; sourceTree = "<group>"; };
		83BFFA8C11C83A2A00372F8D /* OTLedger.cpp */ = {isa = PBXFileReference; fileEncoding = 4; lastKnownFileType = sourcecode.cpp.cpp; path = OTLedger.cpp; sourceTree = "<group>"; };
		83BFFA9611C854B100372F8D /* OTItem.h */ = {isa = PBXFileReference; fileEncoding = 4; lastKnownFileType = sourcecode.c.h; path = OTItem.h; sourceTree = "<group>"; };
		83BFFA9711C854B100372F8D /* OTItem.cpp */ = {isa = PBXFileReference; fileEncoding = 4; lastKnownFileType = sourcecode.cpp.cpp; path = OTItem.cpp; sourceTree = "<group>"; };
		83C0929E11B0C1B700FDCACD /* OTPayload.cpp */ = {isa = PBXFileReference; fileEncoding = 4; lastKnownFileType = sourcecode.cpp.cpp; path = OTPayload.cpp; sourceTree = "<group>"; };
		83C0929F11B0C1B700FDCACD /* OTPayload.h */ = {isa = PBXFileReference; fileEncoding = 4; lastKnownFileType = sourcecode.c.h; path = OTPayload.h; sourceTree = "<group>"; };
		83C0953D11B238BB00FDCACD /* bank-new.cpp */ = {isa = PBXFileReference; fileEncoding = 4; lastKnownFileType = sourcecode.cpp.cpp; path = "bank-new.cpp"; sourceTree = "<group>"; };
		83C0954011B238BB00FDCACD /* bank-sign.cpp */ = {isa = PBXFileReference; fileEncoding = 4; lastKnownFileType = sourcecode.cpp.cpp; path = "bank-sign.cpp"; sourceTree = "<group>"; };
		83C0954311B238BB00FDCACD /* bank-verify.cpp */ = {isa = PBXFileReference; fileEncoding = 4; lastKnownFileType = sourcecode.cpp.cpp; path = "bank-verify.cpp"; sourceTree = "<group>"; };
		83C0954511B238BB00FDCACD /* bank.h */ = {isa = PBXFileReference; fileEncoding = 4; lastKnownFileType = sourcecode.c.h; path = bank.h; sourceTree = "<group>"; };
		83C0954B11B238BC00FDCACD /* bankimp.cpp */ = {isa = PBXFileReference; fileEncoding = 4; lastKnownFileType = sourcecode.cpp.cpp; path = bankimp.cpp; sourceTree = "<group>"; };
		83C0955511B238BC00FDCACD /* coin-request.cpp */ = {isa = PBXFileReference; fileEncoding = 4; lastKnownFileType = sourcecode.cpp.cpp; path = "coin-request.cpp"; sourceTree = "<group>"; };
		83C0955811B238BC00FDCACD /* coin-unblind.cpp */ = {isa = PBXFileReference; fileEncoding = 4; lastKnownFileType = sourcecode.cpp.cpp; path = "coin-unblind.cpp"; sourceTree = "<group>"; };
		83C5F4B6122E0CBC00964E36 /* OTMessageBuffer.cpp */ = {isa = PBXFileReference; fileEncoding = 4; lastKnownFileType = sourcecode.cpp.cpp; path = OTMessageBuffer.cpp; sourceTree = "<group>"; };
		83C5F4B7122E0CBC00964E36 /* OTMessageBuffer.h */ = {isa = PBXFileReference; fileEncoding = 4; lastKnownFileType = sourcecode.c.h; path = OTMessageBuffer.h; sourceTree = "<group>"; };
		83E162E71256F9C3005CE14B /* OTPaymentPlan.h */ = {isa = PBXFileReference; fileEncoding = 4; lastKnownFileType = sourcecode.c.h; path = OTPaymentPlan.h; sourceTree = "<group>"; };
		83E162E81256F9C3005CE14B /* OTPaymentPlan.cpp */ = {isa = PBXFileReference; fileEncoding = 4; lastKnownFileType = sourcecode.cpp.cpp; path = OTPaymentPlan.cpp; sourceTree = "<group>"; };
		83E651D3122E32B200320598 /* Makefile */ = {isa = PBXFileReference; fileEncoding = 4; lastKnownFileType = sourcecode.make; path = Makefile; sourceTree = "<group>"; };
		D2AAC09D05546B4700DB518D /* libOTLib.dylib */ = {isa = PBXFileReference; explicitFileType = "compiled.mach-o.dylib"; includeInIndex = 0; path = libOTLib.dylib; sourceTree = BUILT_PRODUCTS_DIR; };
/* End PBXFileReference section */

/* Begin PBXFrameworksBuildPhase section */
		D2AAC09B05546B4700DB518D /* Frameworks */ = {
			isa = PBXFrameworksBuildPhase;
			buildActionMask = 2147483647;
			files = (
				8306A36F11C202D200A8AFDC /* libcrypto.a in Frameworks */,
				8306A37011C202D200A8AFDC /* libssl.a in Frameworks */,
			);
			runOnlyForDeploymentPostprocessing = 0;
		};
/* End PBXFrameworksBuildPhase section */

/* Begin PBXGroup section */
		034768DDFF38A45A11DB9C8B /* Products */ = {
			isa = PBXGroup;
			children = (
				D2AAC09D05546B4700DB518D /* libOTLib.dylib */,
			);
			name = Products;
			sourceTree = "<group>";
		};
		0867D691FE84028FC02AAC07 /* OTLib */ = {
			isa = PBXGroup;
			children = (
				83E651D3122E32B200320598 /* Makefile */,
				8306A36D11C202D100A8AFDC /* libcrypto.a */,
				8306A36E11C202D200A8AFDC /* libssl.a */,
				8392314B11B9B02500AF54AF /* irrxml */,
				83C0953811B238BB00FDCACD /* Lucre */,
				5073E0CA09E734BC00EC74B6 /* Configuration Files */,
				08FB77ACFE841707C02AAC07 /* Source */,
				8339D9F411DD3A8F007BED46 /* easyzlib.c */,
				8339D9F511DD3A8F007BED46 /* easyzlib.h */,
				0867D69AFE84028FC02AAC07 /* External Frameworks and Libraries */,
				034768DDFF38A45A11DB9C8B /* Products */,
			);
			name = OTLib;
			sourceTree = "<group>";
		};
		0867D69AFE84028FC02AAC07 /* External Frameworks and Libraries */ = {
			isa = PBXGroup;
			children = (
			);
			name = "External Frameworks and Libraries";
			sourceTree = "<group>";
		};
		08FB77ACFE841707C02AAC07 /* Source */ = {
			isa = PBXGroup;
			children = (
				83A7D1441245E8DD00DE6C1B /* OTMarket.h */,
				83A7D1451245E8DD00DE6C1B /* OTMarket.cpp */,
				83A7D13E1245E8CD00DE6C1B /* OTOffer.h */,
				83A7D13F1245E8CD00DE6C1B /* OTOffer.cpp */,
				83A7D1381245E8B000DE6C1B /* OTTrade.h */,
				83A7D1391245E8B000DE6C1B /* OTTrade.cpp */,
				83E162E71256F9C3005CE14B /* OTPaymentPlan.h */,
				83E162E81256F9C3005CE14B /* OTPaymentPlan.cpp */,
				83A7D1261245E83F00DE6C1B /* OTAgreement.h */,
				83A7D1271245E83F00DE6C1B /* OTAgreement.cpp */,
				83A7D1321245E88600DE6C1B /* OTCronItem.h */,
				83A7D1331245E88600DE6C1B /* OTCronItem.cpp */,
				837ECC761255C0B900EC4855 /* OTTrackable.h */,
				837ECC771255C0B900EC4855 /* OTTrackable.cpp */,
				83A7D12C1245E85D00DE6C1B /* OTCron.h */,
				83A7D12D1245E85D00DE6C1B /* OTCron.cpp */,
				83A7D1611246C8A600DE6C1B /* OTLog.h */,
				83A7D1621246C8A600DE6C1B /* OTLog.cpp */,
				8377234B1216B401003712F8 /* OTSignedFile.h */,
				8377234C1216B401003712F8 /* OTSignedFile.cpp */,
				83AC18D3120D5E8400C5A816 /* OTInstrument.h */,
				83AC18D4120D5E8400C5A816 /* OTInstrument.cpp */,
				83AC18D9120D5E9D00C5A816 /* OTCheque.h */,
				83AC18DA120D5E9D00C5A816 /* OTCheque.cpp */,
				83BF09BE11D4988600372F8D /* OTPurse.h */,
				83BF09BF11D4988600372F8D /* OTPurse.cpp */,
				83BF07AE11CF6C2400372F8D /* OTToken.h */,
				83BF07AF11CF6C2400372F8D /* OTToken.cpp */,
				83BF07BB11D1D0CF00372F8D /* OTMint.h */,
				83BF07BC11D1D0CF00372F8D /* OTMint.cpp */,
				83BF03B111CDDB6D00372F8D /* OTTransactionType.h */,
				83BF03B211CDDB6D00372F8D /* OTTransactionType.cpp */,
				83BFFA9611C854B100372F8D /* OTItem.h */,
				83BFFA9711C854B100372F8D /* OTItem.cpp */,
				83BF098711D37AE100372F8D /* OTBasket.h */,
				83BF098811D37AE100372F8D /* OTBasket.cpp */,
				83BFFA8511C83A0B00372F8D /* OTTransaction.h */,
				83BFFA8611C83A0B00372F8D /* OTTransaction.cpp */,
				83BFFA8B11C83A2A00372F8D /* OTLedger.h */,
				83BFFA8C11C83A2A00372F8D /* OTLedger.cpp */,
				8392393E11BC5ED100AF54AF /* OTAccount.h */,
				8392393D11BC5ED100AF54AF /* OTAccount.cpp */,
				8306A52B11C2627C00A8AFDC /* OTEnvelope.h */,
				8306A52C11C2627C00A8AFDC /* OTEnvelope.cpp */,
				839231A011B9B50A00AF54AF /* OTAssetContract.h */,
				8392319F11B9B50A00AF54AF /* OTAssetContract.cpp */,
				839231A111B9B50A00AF54AF /* OTServerContract.cpp */,
				839231A211B9B50A00AF54AF /* OTServerContract.h */,
				83C0929F11B0C1B700FDCACD /* OTPayload.h */,
				83C0929E11B0C1B700FDCACD /* OTPayload.cpp */,
				8392319B11B9B40300AF54AF /* OTMessage.h */,
				8392319C11B9B40300AF54AF /* OTMessage.cpp */,
				83C5F4B7122E0CBC00964E36 /* OTMessageBuffer.h */,
				83C5F4B6122E0CBC00964E36 /* OTMessageBuffer.cpp */,
				8392317A11B9B0B200AF54AF /* OTContract.h */,
				8392317911B9B0B200AF54AF /* OTContract.cpp */,
				8392318911B9B10900AF54AF /* OTPseudonym.h */,
				8392318811B9B10900AF54AF /* OTPseudonym.cpp */,
				8392317211B9B08100AF54AF /* OTStringXML.h */,
				8392317111B9B08100AF54AF /* OTStringXML.cpp */,
				83922BFB11B6559D00AF54AF /* OTIdentifier.h */,
				83922BFA11B6559D00AF54AF /* OTIdentifier.cpp */,
				83922D2011B79A7C00AF54AF /* OTAsymmetricKey.h */,
				83922D2111B79A7C00AF54AF /* OTAsymmetricKey.cpp */,
				839228AE11B46C8300AF54AF /* OTASCIIArmor.h */,
				83922B3D11B5DABE00AF54AF /* OTASCIIArmor.cpp */,
				83922B3E11B5DABE00AF54AF /* OTSignature.h */,
				839228AF11B46C8300AF54AF /* OTSignature.cpp */,
				83A158AD11B0B87C00B05397 /* OTData.h */,
				83A158A911B0B86E00B05397 /* OTData.cpp */,
				83A158B111B0B88300B05397 /* OTDataCheck.cpp */,
				83A158B311B0B88700B05397 /* OTDataCheck.h */,
				83A158BF11B0B8A700B05397 /* OTString.h */,
				83A158BB11B0B8A100B05397 /* OTString.cpp */,
				32BAE0B70371A74B00C91783 /* OTLib_Prefix.pch */,
				50149BD909E781A5002DEE6A /* OTLib.h */,
				50B2938909F016FC00694E55 /* OTLibPriv.h */,
				5073E0C409E734A800EC74B6 /* OTLib.cp */,
				83A158B711B0B89300B05397 /* OTglobal.h */,
			);
			name = Source;
			sourceTree = "<group>";
		};
		5073E0CA09E734BC00EC74B6 /* Configuration Files */ = {
			isa = PBXGroup;
			children = (
				5073E0C609E734A800EC74B6 /* OTLibProj.xcconfig */,
				5073E0C709E734A800EC74B6 /* OTLibTarget.xcconfig */,
			);
			name = "Configuration Files";
			sourceTree = "<group>";
		};
		8392314B11B9B02500AF54AF /* irrxml */ = {
			isa = PBXGroup;
			children = (
				8392314C11B9B02500AF54AF /* CXMLReaderImpl.h */,
				8392314D11B9B02500AF54AF /* fast_atof.h */,
				8392314E11B9B02500AF54AF /* heapsort.h */,
				8392314F11B9B02500AF54AF /* irrArray.h */,
				8392315011B9B02500AF54AF /* irrString.h */,
				8392315111B9B02500AF54AF /* irrTypes.h */,
				8392315211B9B02500AF54AF /* irrXML.cpp */,
				8392315311B9B02500AF54AF /* irrXML.h */,
			);
			path = irrxml;
			sourceTree = "<group>";
		};
		83C0953811B238BB00FDCACD /* Lucre */ = {
			isa = PBXGroup;
			children = (
				83C0953D11B238BB00FDCACD /* bank-new.cpp */,
				83C0955511B238BC00FDCACD /* coin-request.cpp */,
				83C0954011B238BB00FDCACD /* bank-sign.cpp */,
				83C0955811B238BC00FDCACD /* coin-unblind.cpp */,
				83C0954311B238BB00FDCACD /* bank-verify.cpp */,
				83C0954511B238BB00FDCACD /* bank.h */,
				83C0954B11B238BC00FDCACD /* bankimp.cpp */,
			);
			path = Lucre;
			sourceTree = "<group>";
		};
/* End PBXGroup section */

/* Begin PBXHeadersBuildPhase section */
		D2AAC09905546B4700DB518D /* Headers */ = {
			isa = PBXHeadersBuildPhase;
			buildActionMask = 2147483647;
			files = (
				50149BDA09E781A5002DEE6A /* OTLib.h in Headers */,
				83A158AE11B0B87C00B05397 /* OTData.h in Headers */,
				83A158B411B0B88700B05397 /* OTDataCheck.h in Headers */,
				83A158B811B0B89300B05397 /* OTglobal.h in Headers */,
				83A158C011B0B8A700B05397 /* OTString.h in Headers */,
				83C092A111B0C1B700FDCACD /* OTPayload.h in Headers */,
				839228B011B46C8300AF54AF /* OTASCIIArmor.h in Headers */,
				83922B4011B5DABE00AF54AF /* OTSignature.h in Headers */,
				83922BFD11B6559D00AF54AF /* OTIdentifier.h in Headers */,
				83922D2211B79A7C00AF54AF /* OTAsymmetricKey.h in Headers */,
				8392317411B9B08100AF54AF /* OTStringXML.h in Headers */,
				8392317C11B9B0B200AF54AF /* OTContract.h in Headers */,
				8392318B11B9B10900AF54AF /* OTPseudonym.h in Headers */,
				8392319D11B9B40300AF54AF /* OTMessage.h in Headers */,
				839231A411B9B50A00AF54AF /* OTAssetContract.h in Headers */,
				839231A611B9B50A00AF54AF /* OTServerContract.h in Headers */,
				8392394011BC5ED100AF54AF /* OTAccount.h in Headers */,
				8306A52D11C2627C00A8AFDC /* OTEnvelope.h in Headers */,
				83BFFA8711C83A0B00372F8D /* OTTransaction.h in Headers */,
				83BFFA8D11C83A2A00372F8D /* OTLedger.h in Headers */,
				83BFFA9811C854B100372F8D /* OTItem.h in Headers */,
				83BF03B311CDDB6D00372F8D /* OTTransactionType.h in Headers */,
				83BF07B011CF6C2400372F8D /* OTToken.h in Headers */,
				83BF07BD11D1D0CF00372F8D /* OTMint.h in Headers */,
				83BF098911D37AE100372F8D /* OTBasket.h in Headers */,
				83BF09C011D4988600372F8D /* OTPurse.h in Headers */,
				8339D9F711DD3A8F007BED46 /* easyzlib.h in Headers */,
				83AC18D5120D5E8400C5A816 /* OTInstrument.h in Headers */,
				83AC18DB120D5E9D00C5A816 /* OTCheque.h in Headers */,
				8377234D1216B401003712F8 /* OTSignedFile.h in Headers */,
				83C5F4B9122E0CBC00964E36 /* OTMessageBuffer.h in Headers */,
				83A7D1281245E83F00DE6C1B /* OTAgreement.h in Headers */,
				83A7D12E1245E85D00DE6C1B /* OTCron.h in Headers */,
				83A7D1341245E88600DE6C1B /* OTCronItem.h in Headers */,
				83A7D13A1245E8B000DE6C1B /* OTTrade.h in Headers */,
				83A7D1401245E8CD00DE6C1B /* OTOffer.h in Headers */,
				83A7D1461245E8DD00DE6C1B /* OTMarket.h in Headers */,
				83A7D1631246C8A600DE6C1B /* OTLog.h in Headers */,
				837ECC781255C0B900EC4855 /* OTTrackable.h in Headers */,
				83E162E91256F9C3005CE14B /* OTPaymentPlan.h in Headers */,
			);
			runOnlyForDeploymentPostprocessing = 0;
		};
/* End PBXHeadersBuildPhase section */

/* Begin PBXNativeTarget section */
		D2AAC09C05546B4700DB518D /* OTLib */ = {
			isa = PBXNativeTarget;
			buildConfigurationList = 1DEB916008733D950010E9CD /* Build configuration list for PBXNativeTarget "OTLib" */;
			buildPhases = (
				D2AAC09905546B4700DB518D /* Headers */,
				D2AAC09B05546B4700DB518D /* Frameworks */,
				D2AAC09A05546B4700DB518D /* Sources */,
			);
			buildRules = (
			);
			dependencies = (
			);
			name = OTLib;
			productName = libOTLib;
			productReference = D2AAC09D05546B4700DB518D /* libOTLib.dylib */;
			productType = "com.apple.product-type.library.dynamic";
		};
/* End PBXNativeTarget section */

/* Begin PBXProject section */
		0867D690FE84028FC02AAC07 /* Project object */ = {
			isa = PBXProject;
			buildConfigurationList = 1DEB916408733D950010E9CD /* Build configuration list for PBXProject "OTLib" */;
			compatibilityVersion = "Xcode 3.1";
			hasScannedForEncodings = 1;
			mainGroup = 0867D691FE84028FC02AAC07 /* OTLib */;
			productRefGroup = 034768DDFF38A45A11DB9C8B /* Products */;
			projectDirPath = "";
			projectRoot = "";
			targets = (
				D2AAC09C05546B4700DB518D /* OTLib */,
			);
		};
/* End PBXProject section */

/* Begin PBXSourcesBuildPhase section */
		D2AAC09A05546B4700DB518D /* Sources */ = {
			isa = PBXSourcesBuildPhase;
			buildActionMask = 2147483647;
			files = (
				5073E0CB09E734E500EC74B6 /* OTLib.cp in Sources */,
				83A158AA11B0B86E00B05397 /* OTData.cpp in Sources */,
				83A158B211B0B88300B05397 /* OTDataCheck.cpp in Sources */,
				83A158BC11B0B8A100B05397 /* OTString.cpp in Sources */,
				83C092A011B0C1B700FDCACD /* OTPayload.cpp in Sources */,
				83C0955F11B238BC00FDCACD /* bank-new.cpp in Sources */,
				83C0956111B238BC00FDCACD /* bank-sign.cpp in Sources */,
				83C0956311B238BC00FDCACD /* bank-verify.cpp in Sources */,
				83C0956811B238BC00FDCACD /* bankimp.cpp in Sources */,
				83C0956E11B238BC00FDCACD /* coin-request.cpp in Sources */,
				83C0957011B238BC00FDCACD /* coin-unblind.cpp in Sources */,
				839228B111B46C8300AF54AF /* OTSignature.cpp in Sources */,
				83922B3F11B5DABE00AF54AF /* OTASCIIArmor.cpp in Sources */,
				83922BFC11B6559D00AF54AF /* OTIdentifier.cpp in Sources */,
				83922D2311B79A7C00AF54AF /* OTAsymmetricKey.cpp in Sources */,
				8392315B11B9B02500AF54AF /* irrXML.cpp in Sources */,
				8392317311B9B08100AF54AF /* OTStringXML.cpp in Sources */,
				8392317B11B9B0B200AF54AF /* OTContract.cpp in Sources */,
				8392318A11B9B10900AF54AF /* OTPseudonym.cpp in Sources */,
				8392319E11B9B40300AF54AF /* OTMessage.cpp in Sources */,
				839231A311B9B50A00AF54AF /* OTAssetContract.cpp in Sources */,
				839231A511B9B50A00AF54AF /* OTServerContract.cpp in Sources */,
				8392393F11BC5ED100AF54AF /* OTAccount.cpp in Sources */,
				8306A52E11C2627C00A8AFDC /* OTEnvelope.cpp in Sources */,
				83BFFA8811C83A0B00372F8D /* OTTransaction.cpp in Sources */,
				83BFFA8E11C83A2A00372F8D /* OTLedger.cpp in Sources */,
				83BFFA9911C854B100372F8D /* OTItem.cpp in Sources */,
				83BF03B411CDDB6D00372F8D /* OTTransactionType.cpp in Sources */,
				83BF07B111CF6C2400372F8D /* OTToken.cpp in Sources */,
				83BF07BE11D1D0CF00372F8D /* OTMint.cpp in Sources */,
				83BF098A11D37AE100372F8D /* OTBasket.cpp in Sources */,
				83BF09C111D4988600372F8D /* OTPurse.cpp in Sources */,
				8339D9F611DD3A8F007BED46 /* easyzlib.c in Sources */,
				83AC18D6120D5E8400C5A816 /* OTInstrument.cpp in Sources */,
				83AC18DC120D5E9D00C5A816 /* OTCheque.cpp in Sources */,
				8377234E1216B401003712F8 /* OTSignedFile.cpp in Sources */,
				83C5F4B8122E0CBC00964E36 /* OTMessageBuffer.cpp in Sources */,
				83E651D4122E32B200320598 /* Makefile in Sources */,
				83A7D1291245E83F00DE6C1B /* OTAgreement.cpp in Sources */,
				83A7D12F1245E85D00DE6C1B /* OTCron.cpp in Sources */,
				83A7D1351245E88600DE6C1B /* OTCronItem.cpp in Sources */,
				83A7D13B1245E8B000DE6C1B /* OTTrade.cpp in Sources */,
				83A7D1411245E8CD00DE6C1B /* OTOffer.cpp in Sources */,
				83A7D1471245E8DD00DE6C1B /* OTMarket.cpp in Sources */,
				83A7D1641246C8A600DE6C1B /* OTLog.cpp in Sources */,
				837ECC791255C0B900EC4855 /* OTTrackable.cpp in Sources */,
				83E162EA1256F9C3005CE14B /* OTPaymentPlan.cpp in Sources */,
			);
			runOnlyForDeploymentPostprocessing = 0;
		};
/* End PBXSourcesBuildPhase section */

/* Begin XCBuildConfiguration section */
		1DEB916108733D950010E9CD /* Debug */ = {
			isa = XCBuildConfiguration;
			baseConfigurationReference = 5073E0C709E734A800EC74B6 /* OTLibTarget.xcconfig */;
			buildSettings = {
				ALWAYS_SEARCH_USER_PATHS = NO;
				COPY_PHASE_STRIP = NO;
				GCC_DYNAMIC_NO_PIC = NO;
				GCC_ENABLE_FIX_AND_CONTINUE = YES;
				GCC_MODEL_TUNING = G5;
				GCC_OPTIMIZATION_LEVEL = 0;
				GCC_PRECOMPILE_PREFIX_HEADER = YES;
				GCC_PREFIX_HEADER = OTLib_Prefix.pch;
				GCC_PREPROCESSOR_DEFINITIONS = (
					"_GLIBCXX_DEBUG=1",
					"_GLIBCXX_DEBUG_PEDANTIC=1",
				);
				LIBRARY_SEARCH_PATHS = (
					"$(inherited)",
					"\"$(SRCROOT)\"",
				);
			};
			name = Debug;
		};
		1DEB916208733D950010E9CD /* Release */ = {
			isa = XCBuildConfiguration;
			baseConfigurationReference = 5073E0C709E734A800EC74B6 /* OTLibTarget.xcconfig */;
			buildSettings = {
				ALWAYS_SEARCH_USER_PATHS = NO;
				DEBUG_INFORMATION_FORMAT = "dwarf-with-dsym";
				GCC_MODEL_TUNING = G5;
				GCC_PRECOMPILE_PREFIX_HEADER = YES;
				GCC_PREFIX_HEADER = OTLib_Prefix.pch;
				LIBRARY_SEARCH_PATHS = (
					"$(inherited)",
					"\"$(SRCROOT)\"",
				);
				STRIP_INSTALLED_PRODUCT = YES;
				STRIP_STYLE = "non-global";
			};
			name = Release;
		};
		1DEB916508733D950010E9CD /* Debug */ = {
			isa = XCBuildConfiguration;
			baseConfigurationReference = 5073E0C609E734A800EC74B6 /* OTLibProj.xcconfig */;
			buildSettings = {
				ARCHS = "$(ARCHS_STANDARD_32_64_BIT)";
				GCC_C_LANGUAGE_STANDARD = gnu99;
				GCC_OPTIMIZATION_LEVEL = 0;
				GCC_WARN_ABOUT_RETURN_TYPE = YES;
				GCC_WARN_UNUSED_VARIABLE = YES;
				ONLY_ACTIVE_ARCH = YES;
				OTHER_LDFLAGS = "";
				PREBINDING = NO;
				SDKROOT = macosx10.6;
				USER_HEADER_SEARCH_PATHS = "\"/usr/local/ssl/include/openssl\" /usr/include/ \"/Users/REDACTED/Projects/Open-Transactions/\"";
			};
			name = Debug;
		};
		1DEB916608733D950010E9CD /* Release */ = {
			isa = XCBuildConfiguration;
			baseConfigurationReference = 5073E0C609E734A800EC74B6 /* OTLibProj.xcconfig */;
			buildSettings = {
				ARCHS = "$(ARCHS_STANDARD_32_64_BIT)";
				GCC_C_LANGUAGE_STANDARD = gnu99;
				GCC_WARN_ABOUT_RETURN_TYPE = YES;
				GCC_WARN_UNUSED_VARIABLE = YES;
				OTHER_LDFLAGS = "";
				PREBINDING = NO;
				SDKROOT = macosx10.6;
				USER_HEADER_SEARCH_PATHS = "/usr/include/ \"/Users/REDACTED/Projects/Open-Transactions/\"";
			};
			name = Release;
		};
/* End XCBuildConfiguration section */

/* Begin XCConfigurationList section */
		1DEB916008733D950010E9CD /* Build configuration list for PBXNativeTarget "OTLib" */ = {
			isa = XCConfigurationList;
			buildConfigurations = (
				1DEB916108733D950010E9CD /* Debug */,
				1DEB916208733D950010E9CD /* Release */,
			);
			defaultConfigurationIsVisible = 0;
			defaultConfigurationName = Release;
		};
		1DEB916408733D950010E9CD /* Build configuration list for PBXProject "OTLib" */ = {
			isa = XCConfigurationList;
			buildConfigurations = (
				1DEB916508733D950010E9CD /* Debug */,
				1DEB916608733D950010E9CD /* Release */,
			);
			defaultConfigurationIsVisible = 0;
			defaultConfigurationName = Release;
		};
/* End XCConfigurationList section */
	};
	rootObject = 0867D690FE84028FC02AAC07 /* Project object */;
}
